
Microsoft Visual Studio Solution File, Format Version 12.00
# Visual Studio Version 17
VisualStudioVersion = 17.11.35327.3
MinimumVisualStudioVersion = 10.0.40219.1
Project("{9A19103F-16F7-4668-BE54-9A1E7A4F7556}") = "NNHackery", "NNHackery\NNHackery.csproj", "{BFCE072D-0307-494B-A7AF-F24667024C31}"
EndProject
Project("{2150E333-8FDC-42A3-9474-1A3956D46DE8}") = "Solution Items", "Solution Items", "{67DF73C5-3B87-4DBE-BC76-57221BC28B08}"
	ProjectSection(SolutionItems) = preProject
		.editorconfig = .editorconfig
	EndProjectSection
EndProject
Project("{FAE04EC0-301F-11D3-BF4B-00C04F79EFBC}") = "NNHackery.Tests", "NNHackery.Tests\NNHackery.Tests.csproj", "{8AA4C428-05EB-4250-B532-6A9B2824B782}"
EndProject
Global
	GlobalSection(SolutionConfigurationPlatforms) = preSolution
		Debug|Any CPU = Debug|Any CPU
		Release|Any CPU = Release|Any CPU
	EndGlobalSection
	GlobalSection(ProjectConfigurationPlatforms) = postSolution
		{BFCE072D-0307-494B-A7AF-F24667024C31}.Debug|Any CPU.ActiveCfg = Debug|Any CPU
		{BFCE072D-0307-494B-A7AF-F24667024C31}.Debug|Any CPU.Build.0 = Debug|Any CPU
		{BFCE072D-0307-494B-A7AF-F24667024C31}.Release|Any CPU.ActiveCfg = Release|Any CPU
		{BFCE072D-0307-494B-A7AF-F24667024C31}.Release|Any CPU.Build.0 = Release|Any CPU
		{8AA4C428-05EB-4250-B532-6A9B2824B782}.Debug|Any CPU.ActiveCfg = Debug|Any CPU
		{8AA4C428-05EB-4250-B532-6A9B2824B782}.Debug|Any CPU.Build.0 = Debug|Any CPU
		{8AA4C428-05EB-4250-B532-6A9B2824B782}.Release|Any CPU.ActiveCfg = Release|Any CPU
		{8AA4C428-05EB-4250-B532-6A9B2824B782}.Release|Any CPU.Build.0 = Release|Any CPU
	EndGlobalSection
	GlobalSection(SolutionProperties) = preSolution
		HideSolutionNode = FALSE
	EndGlobalSection
	GlobalSection(ExtensibilityGlobals) = postSolution
		SolutionGuid = {34D47ED3-8962-4A8B-852B-6CFEB72E84C2}
	EndGlobalSection
EndGlobal
